{
  "pins" : [
    {
      "identity" : "alamofire",
      "kind" : "remoteSourceControl",
      "location" : "https://github.com/Alamofire/Alamofire",
      "state" : {
        "revision" : "bc268c28fb170f494de9e9927c371b8342979ece",
        "version" : "5.7.1"
      }
    },
    {
      "identity" : "atomic",
      "kind" : "remoteSourceControl",
      "location" : "https://github.com/shareup/atomic.git",
      "state" : {
        "revision" : "781438953ec4a7eec7d5467024a6d85423bc97b4",
        "version" : "1.0.1"
      }
    },
    {
      "identity" : "kingfisher",
      "kind" : "remoteSourceControl",
      "location" : "https://github.com/onevcat/Kingfisher.git",
      "state" : {
        "revision" : "c1f60c63f356d364f4284ba82961acbe7de79bcc",
        "version" : "7.8.1"
      }
    },
    {
      "identity" : "sqlite",
      "kind" : "remoteSourceControl",
      "location" : "https://github.com/shareup/sqlite.git",
      "state" : {
        "revision" : "05a3df9c1c611a4cdfe437f17ad3f59102ed1a76",
        "version" : "7.1.1"
      }
    },
    {
      "identity" : "swiftyjson",
      "kind" : "remoteSourceControl",
      "location" : "https://github.com/SwiftyJSON/SwiftyJSON.git",
      "state" : {
        "revision" : "b3dcd7dbd0d488e1a7077cb33b00f2083e382f07",
        "version" : "5.0.1"
      }
    }
  ],
  "version" : 2
}
